
Microsoft Visual Studio Solution File, Format Version 12.00
# Visual Studio Version 17
VisualStudioVersion = 17.0.31903.59
MinimumVisualStudioVersion = 10.0.40219.1
Project("{2150E333-8FDC-42A3-9474-1A3956D46DE8}") = "Creational", "Creational", "{293EDD8C-2932-490C-BC91-4849685D2EC6}"
EndProject
Project("{FAE04EC0-301F-11D3-BF4B-00C04F79EFBC}") = "Singleton.Basic", "Creational\Singleton.Basic\Singleton.Basic.csproj", "{5F474D3B-7A70-4A9B-B4BA-55C579FB9CF7}"
EndProject
Project("{FAE04EC0-301F-11D3-BF4B-00C04F79EFBC}") = "Singleton.ThreadSafe", "Creational\Singleton.ThreadSafe\Singleton.ThreadSafe.csproj", "{532A7351-4ABB-46A6-90EF-195CF3C8D08C}"
EndProject
Project("{2150E333-8FDC-42A3-9474-1A3956D46DE8}") = "Solution Items", "Solution Items", "{88B0C96E-2A2D-44C9-B1C1-4856F59EAAFE}"
	ProjectSection(SolutionItems) = preProject
		.gitignore = .gitignore
		LICENSE = LICENSE
		README.md = README.md
	EndProjectSection
EndProject
Project("{FAE04EC0-301F-11D3-BF4B-00C04F79EFBC}") = "Singleton.ThreadSafe.DoubleCheck", "Creational\Singleton.ThreadSafe.DoubleCheck\Singleton.ThreadSafe.DoubleCheck.csproj", "{A4CB47EF-4EDA-492F-865F-DB9CE9DD42B7}"
EndProject
Project("{FAE04EC0-301F-11D3-BF4B-00C04F79EFBC}") = "Singleton.ThreadSafe.NoLock", "Creational\Singleton.ThreadSafe.NoLock\Singleton.ThreadSafe.NoLock.csproj", "{EA4D2F69-F992-4940-B8C7-6C7439570966}"
EndProject
Project("{FAE04EC0-301F-11D3-BF4B-00C04F79EFBC}") = "Singleton.ThreadSafe.Lazy", "Creational\Singleton.ThreadSafe.Lazy\Singleton.ThreadSafe.Lazy.csproj", "{B7361927-B69B-4FF1-B3DE-90C56C9E0C91}"
EndProject
Project("{FAE04EC0-301F-11D3-BF4B-00C04F79EFBC}") = "FactoryMethod", "Creational\FactoryMethod\FactoryMethod.csproj", "{6B495F7B-9902-441E-BEFE-0180680ADCB6}"
EndProject
Project("{FAE04EC0-301F-11D3-BF4B-00C04F79EFBC}") = "AbstractFactory", "Creational\AbstractFactory\AbstractFactory.csproj", "{56A61FC5-BA89-4DCB-B391-01C59F119740}"
EndProject
Project("{FAE04EC0-301F-11D3-BF4B-00C04F79EFBC}") = "Builder", "Creational\Builder\Builder.csproj", "{D8FA03B4-E88F-4392-A62F-5702163B80AA}"
EndProject
Project("{FAE04EC0-301F-11D3-BF4B-00C04F79EFBC}") = "Prototype", "Creational\Prototype\Prototype.csproj", "{CF4F22FA-1C34-4DC7-88E1-08E3E679EA46}"
EndProject
Project("{2150E333-8FDC-42A3-9474-1A3956D46DE8}") = "Structural", "Structural", "{3D94367B-6CF5-49A3-BFB1-8F570059EB00}"
EndProject
Project("{2150E333-8FDC-42A3-9474-1A3956D46DE8}") = "Behavioral", "Behavioral", "{1367AA8D-DBE6-4001-86DA-B2B9AEABC5B7}"
EndProject
Project("{FAE04EC0-301F-11D3-BF4B-00C04F79EFBC}") = "Adapter", "Structural\Adapter\Adapter.csproj", "{F87E0403-F67B-46A7-9D35-CDC50181043A}"
EndProject
Project("{FAE04EC0-301F-11D3-BF4B-00C04F79EFBC}") = "Bridge", "Structural\Bridge\Bridge.csproj", "{49FF9FF4-9E7E-4C0E-8476-C01BC9E48B47}"
EndProject
Project("{FAE04EC0-301F-11D3-BF4B-00C04F79EFBC}") = "Composite", "Structural\Composite\Composite.csproj", "{F76A374F-3436-4239-8C74-CA8C911269C9}"
EndProject
Project("{FAE04EC0-301F-11D3-BF4B-00C04F79EFBC}") = "Decorator", "Structural\Decorator\Decorator.csproj", "{19A95D40-6DAC-4905-89F5-A2D529B2741A}"
EndProject
Project("{FAE04EC0-301F-11D3-BF4B-00C04F79EFBC}") = "Facade", "Structural\Facade\Facade.csproj", "{83A602D6-DB09-4B41-9646-37187586EE6B}"
EndProject
Project("{FAE04EC0-301F-11D3-BF4B-00C04F79EFBC}") = "Flyweight", "Structural\Flyweight\Flyweight.csproj", "{68F31A6B-E1B7-46B6-B995-0D6762D0F14C}"
EndProject
Project("{FAE04EC0-301F-11D3-BF4B-00C04F79EFBC}") = "Proxy", "Structural\Proxy\Proxy.csproj", "{CA43383F-1D7A-44C1-851C-820A87C69712}"
EndProject
Project("{FAE04EC0-301F-11D3-BF4B-00C04F79EFBC}") = "ChainOfResponsibility", "Behavioral\ChainOfResponsibility\ChainOfResponsibility.csproj", "{C5267427-898E-4ECD-B095-81900C9AC939}"
EndProject
Project("{FAE04EC0-301F-11D3-BF4B-00C04F79EFBC}") = "Command", "Behavioral\Command\Command.csproj", "{6E4160BB-99DB-4791-B531-A9B9C4A359FA}"
EndProject
Project("{FAE04EC0-301F-11D3-BF4B-00C04F79EFBC}") = "Interpreter", "Behavioral\Interpreter\Interpreter.csproj", "{6BD8DE8E-B67A-453B-B43D-A919FFA09945}"
EndProject
Global
	GlobalSection(SolutionConfigurationPlatforms) = preSolution
		Debug|Any CPU = Debug|Any CPU
		Release|Any CPU = Release|Any CPU
	EndGlobalSection
	GlobalSection(ProjectConfigurationPlatforms) = postSolution
		{5F474D3B-7A70-4A9B-B4BA-55C579FB9CF7}.Debug|Any CPU.ActiveCfg = Debug|Any CPU
		{5F474D3B-7A70-4A9B-B4BA-55C579FB9CF7}.Debug|Any CPU.Build.0 = Debug|Any CPU
		{5F474D3B-7A70-4A9B-B4BA-55C579FB9CF7}.Release|Any CPU.ActiveCfg = Release|Any CPU
		{5F474D3B-7A70-4A9B-B4BA-55C579FB9CF7}.Release|Any CPU.Build.0 = Release|Any CPU
		{532A7351-4ABB-46A6-90EF-195CF3C8D08C}.Debug|Any CPU.ActiveCfg = Debug|Any CPU
		{532A7351-4ABB-46A6-90EF-195CF3C8D08C}.Debug|Any CPU.Build.0 = Debug|Any CPU
		{532A7351-4ABB-46A6-90EF-195CF3C8D08C}.Release|Any CPU.ActiveCfg = Release|Any CPU
		{532A7351-4ABB-46A6-90EF-195CF3C8D08C}.Release|Any CPU.Build.0 = Release|Any CPU
		{A4CB47EF-4EDA-492F-865F-DB9CE9DD42B7}.Debug|Any CPU.ActiveCfg = Debug|Any CPU
		{A4CB47EF-4EDA-492F-865F-DB9CE9DD42B7}.Debug|Any CPU.Build.0 = Debug|Any CPU
		{A4CB47EF-4EDA-492F-865F-DB9CE9DD42B7}.Release|Any CPU.ActiveCfg = Release|Any CPU
		{A4CB47EF-4EDA-492F-865F-DB9CE9DD42B7}.Release|Any CPU.Build.0 = Release|Any CPU
		{EA4D2F69-F992-4940-B8C7-6C7439570966}.Debug|Any CPU.ActiveCfg = Debug|Any CPU
		{EA4D2F69-F992-4940-B8C7-6C7439570966}.Debug|Any CPU.Build.0 = Debug|Any CPU
		{EA4D2F69-F992-4940-B8C7-6C7439570966}.Release|Any CPU.ActiveCfg = Release|Any CPU
		{EA4D2F69-F992-4940-B8C7-6C7439570966}.Release|Any CPU.Build.0 = Release|Any CPU
		{B7361927-B69B-4FF1-B3DE-90C56C9E0C91}.Debug|Any CPU.ActiveCfg = Debug|Any CPU
		{B7361927-B69B-4FF1-B3DE-90C56C9E0C91}.Debug|Any CPU.Build.0 = Debug|Any CPU
		{B7361927-B69B-4FF1-B3DE-90C56C9E0C91}.Release|Any CPU.ActiveCfg = Release|Any CPU
		{B7361927-B69B-4FF1-B3DE-90C56C9E0C91}.Release|Any CPU.Build.0 = Release|Any CPU
		{6B495F7B-9902-441E-BEFE-0180680ADCB6}.Debug|Any CPU.ActiveCfg = Debug|Any CPU
		{6B495F7B-9902-441E-BEFE-0180680ADCB6}.Debug|Any CPU.Build.0 = Debug|Any CPU
		{6B495F7B-9902-441E-BEFE-0180680ADCB6}.Release|Any CPU.ActiveCfg = Release|Any CPU
		{6B495F7B-9902-441E-BEFE-0180680ADCB6}.Release|Any CPU.Build.0 = Release|Any CPU
		{56A61FC5-BA89-4DCB-B391-01C59F119740}.Debug|Any CPU.ActiveCfg = Debug|Any CPU
		{56A61FC5-BA89-4DCB-B391-01C59F119740}.Debug|Any CPU.Build.0 = Debug|Any CPU
		{56A61FC5-BA89-4DCB-B391-01C59F119740}.Release|Any CPU.ActiveCfg = Release|Any CPU
		{56A61FC5-BA89-4DCB-B391-01C59F119740}.Release|Any CPU.Build.0 = Release|Any CPU
		{D8FA03B4-E88F-4392-A62F-5702163B80AA}.Debug|Any CPU.ActiveCfg = Debug|Any CPU
		{D8FA03B4-E88F-4392-A62F-5702163B80AA}.Debug|Any CPU.Build.0 = Debug|Any CPU
		{D8FA03B4-E88F-4392-A62F-5702163B80AA}.Release|Any CPU.ActiveCfg = Release|Any CPU
		{D8FA03B4-E88F-4392-A62F-5702163B80AA}.Release|Any CPU.Build.0 = Release|Any CPU
		{CF4F22FA-1C34-4DC7-88E1-08E3E679EA46}.Debug|Any CPU.ActiveCfg = Debug|Any CPU
		{CF4F22FA-1C34-4DC7-88E1-08E3E679EA46}.Debug|Any CPU.Build.0 = Debug|Any CPU
		{CF4F22FA-1C34-4DC7-88E1-08E3E679EA46}.Release|Any CPU.ActiveCfg = Release|Any CPU
		{CF4F22FA-1C34-4DC7-88E1-08E3E679EA46}.Release|Any CPU.Build.0 = Release|Any CPU
		{F87E0403-F67B-46A7-9D35-CDC50181043A}.Debug|Any CPU.ActiveCfg = Debug|Any CPU
		{F87E0403-F67B-46A7-9D35-CDC50181043A}.Debug|Any CPU.Build.0 = Debug|Any CPU
		{F87E0403-F67B-46A7-9D35-CDC50181043A}.Release|Any CPU.ActiveCfg = Release|Any CPU
		{F87E0403-F67B-46A7-9D35-CDC50181043A}.Release|Any CPU.Build.0 = Release|Any CPU
		{49FF9FF4-9E7E-4C0E-8476-C01BC9E48B47}.Debug|Any CPU.ActiveCfg = Debug|Any CPU
		{49FF9FF4-9E7E-4C0E-8476-C01BC9E48B47}.Debug|Any CPU.Build.0 = Debug|Any CPU
		{49FF9FF4-9E7E-4C0E-8476-C01BC9E48B47}.Release|Any CPU.ActiveCfg = Release|Any CPU
		{49FF9FF4-9E7E-4C0E-8476-C01BC9E48B47}.Release|Any CPU.Build.0 = Release|Any CPU
		{F76A374F-3436-4239-8C74-CA8C911269C9}.Debug|Any CPU.ActiveCfg = Debug|Any CPU
		{F76A374F-3436-4239-8C74-CA8C911269C9}.Debug|Any CPU.Build.0 = Debug|Any CPU
		{F76A374F-3436-4239-8C74-CA8C911269C9}.Release|Any CPU.ActiveCfg = Release|Any CPU
		{F76A374F-3436-4239-8C74-CA8C911269C9}.Release|Any CPU.Build.0 = Release|Any CPU
		{19A95D40-6DAC-4905-89F5-A2D529B2741A}.Debug|Any CPU.ActiveCfg = Debug|Any CPU
		{19A95D40-6DAC-4905-89F5-A2D529B2741A}.Debug|Any CPU.Build.0 = Debug|Any CPU
		{19A95D40-6DAC-4905-89F5-A2D529B2741A}.Release|Any CPU.ActiveCfg = Release|Any CPU
		{19A95D40-6DAC-4905-89F5-A2D529B2741A}.Release|Any CPU.Build.0 = Release|Any CPU
		{83A602D6-DB09-4B41-9646-37187586EE6B}.Debug|Any CPU.ActiveCfg = Debug|Any CPU
		{83A602D6-DB09-4B41-9646-37187586EE6B}.Debug|Any CPU.Build.0 = Debug|Any CPU
		{83A602D6-DB09-4B41-9646-37187586EE6B}.Release|Any CPU.ActiveCfg = Release|Any CPU
		{83A602D6-DB09-4B41-9646-37187586EE6B}.Release|Any CPU.Build.0 = Release|Any CPU
		{68F31A6B-E1B7-46B6-B995-0D6762D0F14C}.Debug|Any CPU.ActiveCfg = Debug|Any CPU
		{68F31A6B-E1B7-46B6-B995-0D6762D0F14C}.Debug|Any CPU.Build.0 = Debug|Any CPU
		{68F31A6B-E1B7-46B6-B995-0D6762D0F14C}.Release|Any CPU.ActiveCfg = Release|Any CPU
		{68F31A6B-E1B7-46B6-B995-0D6762D0F14C}.Release|Any CPU.Build.0 = Release|Any CPU
		{CA43383F-1D7A-44C1-851C-820A87C69712}.Debug|Any CPU.ActiveCfg = Debug|Any CPU
		{CA43383F-1D7A-44C1-851C-820A87C69712}.Debug|Any CPU.Build.0 = Debug|Any CPU
		{CA43383F-1D7A-44C1-851C-820A87C69712}.Release|Any CPU.ActiveCfg = Release|Any CPU
		{CA43383F-1D7A-44C1-851C-820A87C69712}.Release|Any CPU.Build.0 = Release|Any CPU
		{C5267427-898E-4ECD-B095-81900C9AC939}.Debug|Any CPU.ActiveCfg = Debug|Any CPU
		{C5267427-898E-4ECD-B095-81900C9AC939}.Debug|Any CPU.Build.0 = Debug|Any CPU
		{C5267427-898E-4ECD-B095-81900C9AC939}.Release|Any CPU.ActiveCfg = Release|Any CPU
		{C5267427-898E-4ECD-B095-81900C9AC939}.Release|Any CPU.Build.0 = Release|Any CPU
		{6E4160BB-99DB-4791-B531-A9B9C4A359FA}.Debug|Any CPU.ActiveCfg = Debug|Any CPU
		{6E4160BB-99DB-4791-B531-A9B9C4A359FA}.Debug|Any CPU.Build.0 = Debug|Any CPU
		{6E4160BB-99DB-4791-B531-A9B9C4A359FA}.Release|Any CPU.ActiveCfg = Release|Any CPU
		{6E4160BB-99DB-4791-B531-A9B9C4A359FA}.Release|Any CPU.Build.0 = Release|Any CPU
		{6BD8DE8E-B67A-453B-B43D-A919FFA09945}.Debug|Any CPU.ActiveCfg = Debug|Any CPU
		{6BD8DE8E-B67A-453B-B43D-A919FFA09945}.Debug|Any CPU.Build.0 = Debug|Any CPU
		{6BD8DE8E-B67A-453B-B43D-A919FFA09945}.Release|Any CPU.ActiveCfg = Release|Any CPU
		{6BD8DE8E-B67A-453B-B43D-A919FFA09945}.Release|Any CPU.Build.0 = Release|Any CPU
	EndGlobalSection
	GlobalSection(SolutionProperties) = preSolution
		HideSolutionNode = FALSE
	EndGlobalSection
	GlobalSection(NestedProjects) = preSolution
		{5F474D3B-7A70-4A9B-B4BA-55C579FB9CF7} = {293EDD8C-2932-490C-BC91-4849685D2EC6}
		{532A7351-4ABB-46A6-90EF-195CF3C8D08C} = {293EDD8C-2932-490C-BC91-4849685D2EC6}
		{A4CB47EF-4EDA-492F-865F-DB9CE9DD42B7} = {293EDD8C-2932-490C-BC91-4849685D2EC6}
		{EA4D2F69-F992-4940-B8C7-6C7439570966} = {293EDD8C-2932-490C-BC91-4849685D2EC6}
		{B7361927-B69B-4FF1-B3DE-90C56C9E0C91} = {293EDD8C-2932-490C-BC91-4849685D2EC6}
		{6B495F7B-9902-441E-BEFE-0180680ADCB6} = {293EDD8C-2932-490C-BC91-4849685D2EC6}
		{56A61FC5-BA89-4DCB-B391-01C59F119740} = {293EDD8C-2932-490C-BC91-4849685D2EC6}
		{D8FA03B4-E88F-4392-A62F-5702163B80AA} = {293EDD8C-2932-490C-BC91-4849685D2EC6}
		{CF4F22FA-1C34-4DC7-88E1-08E3E679EA46} = {293EDD8C-2932-490C-BC91-4849685D2EC6}
		{F87E0403-F67B-46A7-9D35-CDC50181043A} = {3D94367B-6CF5-49A3-BFB1-8F570059EB00}
		{49FF9FF4-9E7E-4C0E-8476-C01BC9E48B47} = {3D94367B-6CF5-49A3-BFB1-8F570059EB00}
		{F76A374F-3436-4239-8C74-CA8C911269C9} = {3D94367B-6CF5-49A3-BFB1-8F570059EB00}
		{19A95D40-6DAC-4905-89F5-A2D529B2741A} = {3D94367B-6CF5-49A3-BFB1-8F570059EB00}
		{83A602D6-DB09-4B41-9646-37187586EE6B} = {3D94367B-6CF5-49A3-BFB1-8F570059EB00}
		{68F31A6B-E1B7-46B6-B995-0D6762D0F14C} = {3D94367B-6CF5-49A3-BFB1-8F570059EB00}
		{CA43383F-1D7A-44C1-851C-820A87C69712} = {3D94367B-6CF5-49A3-BFB1-8F570059EB00}
		{C5267427-898E-4ECD-B095-81900C9AC939} = {1367AA8D-DBE6-4001-86DA-B2B9AEABC5B7}
		{6E4160BB-99DB-4791-B531-A9B9C4A359FA} = {1367AA8D-DBE6-4001-86DA-B2B9AEABC5B7}
		{6BD8DE8E-B67A-453B-B43D-A919FFA09945} = {1367AA8D-DBE6-4001-86DA-B2B9AEABC5B7}
	EndGlobalSection
EndGlobal
